// !$*UTF8*$!
{
	archiveVersion = 1;
	classes = {
	};
	objectVersion = 46;
	objects = {

/* Begin PBXBuildFile section */
		46170FBE1C4FB77600E14765 /* behavioralSerialDeviceRemote.swift in Sources */ = {isa = PBXBuildFile; fileRef = 46170FBD1C4FB77600E14765 /* behavioralSerialDeviceRemote.swift */; };
		46170FC01C4FB8CF00E14765 /* deviceState.swift in Sources */ = {isa = PBXBuildFile; fileRef = 46170FBF1C4FB8CF00E14765 /* deviceState.swift */; };
		463BA3611C4DE63000AA3007 /* AppDelegate.swift in Sources */ = {isa = PBXBuildFile; fileRef = 463BA3601C4DE63000AA3007 /* AppDelegate.swift */; };
		463BA3631C4DE63000AA3007 /* ViewController.swift in Sources */ = {isa = PBXBuildFile; fileRef = 463BA3621C4DE63000AA3007 /* ViewController.swift */; };
		463BA3661C4DE63000AA3007 /* Main.storyboard in Resources */ = {isa = PBXBuildFile; fileRef = 463BA3641C4DE63000AA3007 /* Main.storyboard */; };
		463BA3691C4DE63000AA3007 /* behavioralBluetooth.xcdatamodeld in Sources */ = {isa = PBXBuildFile; fileRef = 463BA3671C4DE63000AA3007 /* behavioralBluetooth.xcdatamodeld */; };
		463BA36B1C4DE63000AA3007 /* Assets.xcassets in Resources */ = {isa = PBXBuildFile; fileRef = 463BA36A1C4DE63000AA3007 /* Assets.xcassets */; };
		463BA36E1C4DE63000AA3007 /* LaunchScreen.storyboard in Resources */ = {isa = PBXBuildFile; fileRef = 463BA36C1C4DE63000AA3007 /* LaunchScreen.storyboard */; };
		463BA3791C4DE63000AA3007 /* behavioralBluetoothTests.swift in Sources */ = {isa = PBXBuildFile; fileRef = 463BA3781C4DE63000AA3007 /* behavioralBluetoothTests.swift */; };
		463BA3841C4DE63000AA3007 /* behavioralBluetoothUITests.swift in Sources */ = {isa = PBXBuildFile; fileRef = 463BA3831C4DE63000AA3007 /* behavioralBluetoothUITests.swift */; };
		4641B4651C4FB64500CDAFE5 /* behavioralSerialDeviceLocal.swift in Sources */ = {isa = PBXBuildFile; fileRef = 4641B4641C4FB64500CDAFE5 /* behavioralSerialDeviceLocal.swift */; };
/* End PBXBuildFile section */

/* Begin PBXContainerItemProxy section */
		463BA3751C4DE63000AA3007 /* PBXContainerItemProxy */ = {
			isa = PBXContainerItemProxy;
			containerPortal = 463BA3551C4DE62F00AA3007 /* Project object */;
			proxyType = 1;
			remoteGlobalIDString = 463BA35C1C4DE63000AA3007;
			remoteInfo = behavioralBluetooth;
		};
		463BA3801C4DE63000AA3007 /* PBXContainerItemProxy */ = {
			isa = PBXContainerItemProxy;
			containerPortal = 463BA3551C4DE62F00AA3007 /* Project object */;
			proxyType = 1;
			remoteGlobalIDString = 463BA35C1C4DE63000AA3007;
			remoteInfo = behavioralBluetooth;
		};
/* End PBXContainerItemProxy section */

/* Begin PBXFileReference section */
		46170FBD1C4FB77600E14765 /* behavioralSerialDeviceRemote.swift */ = {isa = PBXFileReference; fileEncoding = 4; lastKnownFileType = sourcecode.swift; name = behavioralSerialDeviceRemote.swift; path = behavioralBluetooth/behavioralSerialDeviceRemote.swift; sourceTree = "<group>"; };
		46170FBF1C4FB8CF00E14765 /* deviceState.swift */ = {isa = PBXFileReference; fileEncoding = 4; lastKnownFileType = sourcecode.swift; path = deviceState.swift; sourceTree = "<group>"; };
		463BA35D1C4DE63000AA3007 /* behavioralBluetooth.app */ = {isa = PBXFileReference; explicitFileType = wrapper.application; includeInIndex = 0; path = behavioralBluetooth.app; sourceTree = BUILT_PRODUCTS_DIR; };
		463BA3601C4DE63000AA3007 /* AppDelegate.swift */ = {isa = PBXFileReference; lastKnownFileType = sourcecode.swift; path = AppDelegate.swift; sourceTree = "<group>"; };
		463BA3621C4DE63000AA3007 /* ViewController.swift */ = {isa = PBXFileReference; lastKnownFileType = sourcecode.swift; path = ViewController.swift; sourceTree = "<group>"; };
		463BA3651C4DE63000AA3007 /* Base */ = {isa = PBXFileReference; lastKnownFileType = file.storyboard; name = Base; path = Base.lproj/Main.storyboard; sourceTree = "<group>"; };
		463BA3681C4DE63000AA3007 /* behavioralBluetooth.xcdatamodel */ = {isa = PBXFileReference; lastKnownFileType = wrapper.xcdatamodel; path = behavioralBluetooth.xcdatamodel; sourceTree = "<group>"; };
		463BA36A1C4DE63000AA3007 /* Assets.xcassets */ = {isa = PBXFileReference; lastKnownFileType = folder.assetcatalog; path = Assets.xcassets; sourceTree = "<group>"; };
		463BA36D1C4DE63000AA3007 /* Base */ = {isa = PBXFileReference; lastKnownFileType = file.storyboard; name = Base; path = Base.lproj/LaunchScreen.storyboard; sourceTree = "<group>"; };
		463BA36F1C4DE63000AA3007 /* Info.plist */ = {isa = PBXFileReference; lastKnownFileType = text.plist.xml; path = Info.plist; sourceTree = "<group>"; };
		463BA3741C4DE63000AA3007 /* behavioralBluetoothTests.xctest */ = {isa = PBXFileReference; explicitFileType = wrapper.cfbundle; includeInIndex = 0; path = behavioralBluetoothTests.xctest; sourceTree = BUILT_PRODUCTS_DIR; };
		463BA3781C4DE63000AA3007 /* behavioralBluetoothTests.swift */ = {isa = PBXFileReference; lastKnownFileType = sourcecode.swift; name = behavioralBluetoothTests.swift; path = behavioralBluetoothTests/behavioralBluetoothTests.swift; sourceTree = SOURCE_ROOT; };
		463BA37A1C4DE63000AA3007 /* Info.plist */ = {isa = PBXFileReference; lastKnownFileType = text.plist.xml; path = Info.plist; sourceTree = "<group>"; };
		463BA37F1C4DE63000AA3007 /* behavioralBluetoothUITests.xctest */ = {isa = PBXFileReference; explicitFileType = wrapper.cfbundle; includeInIndex = 0; path = behavioralBluetoothUITests.xctest; sourceTree = BUILT_PRODUCTS_DIR; };
		463BA3831C4DE63000AA3007 /* behavioralBluetoothUITests.swift */ = {isa = PBXFileReference; lastKnownFileType = sourcecode.swift; path = behavioralBluetoothUITests.swift; sourceTree = "<group>"; };
		463BA3851C4DE63000AA3007 /* Info.plist */ = {isa = PBXFileReference; lastKnownFileType = text.plist.xml; path = Info.plist; sourceTree = "<group>"; };
		4641B4641C4FB64500CDAFE5 /* behavioralSerialDeviceLocal.swift */ = {isa = PBXFileReference; fileEncoding = 4; lastKnownFileType = sourcecode.swift; name = behavioralSerialDeviceLocal.swift; path = behavioralBluetooth/behavioralSerialDeviceLocal.swift; sourceTree = "<group>"; };
/* End PBXFileReference section */

/* Begin PBXFrameworksBuildPhase section */
		463BA35A1C4DE63000AA3007 /* Frameworks */ = {
			isa = PBXFrameworksBuildPhase;
			buildActionMask = 2147483647;
			files = (
			);
			runOnlyForDeploymentPostprocessing = 0;
		};
		463BA3711C4DE63000AA3007 /* Frameworks */ = {
			isa = PBXFrameworksBuildPhase;
			buildActionMask = 2147483647;
			files = (
			);
			runOnlyForDeploymentPostprocessing = 0;
		};
		463BA37C1C4DE63000AA3007 /* Frameworks */ = {
			isa = PBXFrameworksBuildPhase;
			buildActionMask = 2147483647;
			files = (
			);
			runOnlyForDeploymentPostprocessing = 0;
		};
/* End PBXFrameworksBuildPhase section */

/* Begin PBXGroup section */
		463BA3541C4DE62F00AA3007 = {
			isa = PBXGroup;
			children = (
				4641B4661C4FB69700CDAFE5 /* behavioralBluetoothModule */,
				463BA35F1C4DE63000AA3007 /* behavioralBluetooth */,
				463BA3771C4DE63000AA3007 /* behavioralBluetoothTests */,
				463BA3821C4DE63000AA3007 /* behavioralBluetoothUITests */,
				463BA35E1C4DE63000AA3007 /* Products */,
			);
			sourceTree = "<group>";
		};
		463BA35E1C4DE63000AA3007 /* Products */ = {
			isa = PBXGroup;
			children = (
				463BA35D1C4DE63000AA3007 /* behavioralBluetooth.app */,
				463BA3741C4DE63000AA3007 /* behavioralBluetoothTests.xctest */,
				463BA37F1C4DE63000AA3007 /* behavioralBluetoothUITests.xctest */,
			);
			name = Products;
			sourceTree = "<group>";
		};
		463BA35F1C4DE63000AA3007 /* behavioralBluetooth */ = {
			isa = PBXGroup;
			children = (
				463BA3601C4DE63000AA3007 /* AppDelegate.swift */,
				463BA3621C4DE63000AA3007 /* ViewController.swift */,
				463BA3641C4DE63000AA3007 /* Main.storyboard */,
				463BA36A1C4DE63000AA3007 /* Assets.xcassets */,
				463BA36C1C4DE63000AA3007 /* LaunchScreen.storyboard */,
				463BA36F1C4DE63000AA3007 /* Info.plist */,
				463BA3671C4DE63000AA3007 /* behavioralBluetooth.xcdatamodeld */,
			);
			path = behavioralBluetooth;
			sourceTree = "<group>";
		};
		463BA3771C4DE63000AA3007 /* behavioralBluetoothTests */ = {
			isa = PBXGroup;
			children = (
				463BA3781C4DE63000AA3007 /* behavioralBluetoothTests.swift */,
				463BA37A1C4DE63000AA3007 /* Info.plist */,
			);
			path = behavioralBluetoothTests;
			sourceTree = "<group>";
		};
		463BA3821C4DE63000AA3007 /* behavioralBluetoothUITests */ = {
			isa = PBXGroup;
			children = (
				463BA3831C4DE63000AA3007 /* behavioralBluetoothUITests.swift */,
				463BA3851C4DE63000AA3007 /* Info.plist */,
			);
			path = behavioralBluetoothUITests;
			sourceTree = "<group>";
		};
		4641B4661C4FB69700CDAFE5 /* behavioralBluetoothModule */ = {
			isa = PBXGroup;
			children = (
				46170FBD1C4FB77600E14765 /* behavioralSerialDeviceRemote.swift */,
				4641B4641C4FB64500CDAFE5 /* behavioralSerialDeviceLocal.swift */,
				46170FBF1C4FB8CF00E14765 /* deviceState.swift */,
			);
			name = behavioralBluetoothModule;
			sourceTree = "<group>";
		};
/* End PBXGroup section */

/* Begin PBXNativeTarget section */
		463BA35C1C4DE63000AA3007 /* behavioralBluetooth */ = {
			isa = PBXNativeTarget;
			buildConfigurationList = 463BA3881C4DE63000AA3007 /* Build configuration list for PBXNativeTarget "behavioralBluetooth" */;
			buildPhases = (
				463BA3591C4DE63000AA3007 /* Sources */,
				463BA35A1C4DE63000AA3007 /* Frameworks */,
				463BA35B1C4DE63000AA3007 /* Resources */,
			);
			buildRules = (
			);
			dependencies = (
			);
			name = behavioralBluetooth;
			productName = behavioralBluetooth;
			productReference = 463BA35D1C4DE63000AA3007 /* behavioralBluetooth.app */;
			productType = "com.apple.product-type.application";
		};
		463BA3731C4DE63000AA3007 /* behavioralBluetoothTests */ = {
			isa = PBXNativeTarget;
			buildConfigurationList = 463BA38B1C4DE63000AA3007 /* Build configuration list for PBXNativeTarget "behavioralBluetoothTests" */;
			buildPhases = (
				463BA3701C4DE63000AA3007 /* Sources */,
				463BA3711C4DE63000AA3007 /* Frameworks */,
				463BA3721C4DE63000AA3007 /* Resources */,
			);
			buildRules = (
			);
			dependencies = (
				463BA3761C4DE63000AA3007 /* PBXTargetDependency */,
			);
			name = behavioralBluetoothTests;
			productName = behavioralBluetoothTests;
			productReference = 463BA3741C4DE63000AA3007 /* behavioralBluetoothTests.xctest */;
			productType = "com.apple.product-type.bundle.unit-test";
		};
		463BA37E1C4DE63000AA3007 /* behavioralBluetoothUITests */ = {
			isa = PBXNativeTarget;
			buildConfigurationList = 463BA38E1C4DE63000AA3007 /* Build configuration list for PBXNativeTarget "behavioralBluetoothUITests" */;
			buildPhases = (
				463BA37B1C4DE63000AA3007 /* Sources */,
				463BA37C1C4DE63000AA3007 /* Frameworks */,
				463BA37D1C4DE63000AA3007 /* Resources */,
			);
			buildRules = (
			);
			dependencies = (
				463BA3811C4DE63000AA3007 /* PBXTargetDependency */,
			);
			name = behavioralBluetoothUITests;
			productName = behavioralBluetoothUITests;
			productReference = 463BA37F1C4DE63000AA3007 /* behavioralBluetoothUITests.xctest */;
			productType = "com.apple.product-type.bundle.ui-testing";
		};
/* End PBXNativeTarget section */

/* Begin PBXProject section */
		463BA3551C4DE62F00AA3007 /* Project object */ = {
			isa = PBXProject;
			attributes = {
				LastSwiftUpdateCheck = 0720;
				LastUpgradeCheck = 0720;
				ORGANIZATIONNAME = "Honeysuckle Hardware";
				TargetAttributes = {
					463BA35C1C4DE63000AA3007 = {
						CreatedOnToolsVersion = 7.2;
					};
					463BA3731C4DE63000AA3007 = {
						CreatedOnToolsVersion = 7.2;
						TestTargetID = 463BA35C1C4DE63000AA3007;
					};
					463BA37E1C4DE63000AA3007 = {
						CreatedOnToolsVersion = 7.2;
						TestTargetID = 463BA35C1C4DE63000AA3007;
					};
				};
			};
			buildConfigurationList = 463BA3581C4DE63000AA3007 /* Build configuration list for PBXProject "behavioralBluetooth" */;
			compatibilityVersion = "Xcode 3.2";
			developmentRegion = English;
			hasScannedForEncodings = 0;
			knownRegions = (
				en,
				Base,
			);
			mainGroup = 463BA3541C4DE62F00AA3007;
			productRefGroup = 463BA35E1C4DE63000AA3007 /* Products */;
			projectDirPath = "";
			projectRoot = "";
			targets = (
				463BA35C1C4DE63000AA3007 /* behavioralBluetooth */,
				463BA3731C4DE63000AA3007 /* behavioralBluetoothTests */,
				463BA37E1C4DE63000AA3007 /* behavioralBluetoothUITests */,
			);
		};
/* End PBXProject section */

/* Begin PBXResourcesBuildPhase section */
		463BA35B1C4DE63000AA3007 /* Resources */ = {
			isa = PBXResourcesBuildPhase;
			buildActionMask = 2147483647;
			files = (
				463BA36E1C4DE63000AA3007 /* LaunchScreen.storyboard in Resources */,
				463BA36B1C4DE63000AA3007 /* Assets.xcassets in Resources */,
				463BA3661C4DE63000AA3007 /* Main.storyboard in Resources */,
			);
			runOnlyForDeploymentPostprocessing = 0;
		};
		463BA3721C4DE63000AA3007 /* Resources */ = {
			isa = PBXResourcesBuildPhase;
			buildActionMask = 2147483647;
			files = (
			);
			runOnlyForDeploymentPostprocessing = 0;
		};
		463BA37D1C4DE63000AA3007 /* Resources */ = {
			isa = PBXResourcesBuildPhase;
			buildActionMask = 2147483647;
			files = (
			);
			runOnlyForDeploymentPostprocessing = 0;
		};
/* End PBXResourcesBuildPhase section */

/* Begin PBXSourcesBuildPhase section */
		463BA3591C4DE63000AA3007 /* Sources */ = {
			isa = PBXSourcesBuildPhase;
			buildActionMask = 2147483647;
			files = (
				463BA3631C4DE63000AA3007 /* ViewController.swift in Sources */,
				46170FBE1C4FB77600E14765 /* behavioralSerialDeviceRemote.swift in Sources */,
				463BA3691C4DE63000AA3007 /* behavioralBluetooth.xcdatamodeld in Sources */,
				46170FC01C4FB8CF00E14765 /* deviceState.swift in Sources */,
				463BA3611C4DE63000AA3007 /* AppDelegate.swift in Sources */,
				4641B4651C4FB64500CDAFE5 /* behavioralSerialDeviceLocal.swift in Sources */,
			);
			runOnlyForDeploymentPostprocessing = 0;
		};
		463BA3701C4DE63000AA3007 /* Sources */ = {
			isa = PBXSourcesBuildPhase;
			buildActionMask = 2147483647;
			files = (
				463BA3791C4DE63000AA3007 /* behavioralBluetoothTests.swift in Sources */,
			);
			runOnlyForDeploymentPostprocessing = 0;
		};
		463BA37B1C4DE63000AA3007 /* Sources */ = {
			isa = PBXSourcesBuildPhase;
			buildActionMask = 2147483647;
			files = (
				463BA3841C4DE63000AA3007 /* behavioralBluetoothUITests.swift in Sources */,
			);
			runOnlyForDeploymentPostprocessing = 0;
		};
/* End PBXSourcesBuildPhase section */

/* Begin PBXTargetDependency section */
		463BA3761C4DE63000AA3007 /* PBXTargetDependency */ = {
			isa = PBXTargetDependency;
			target = 463BA35C1C4DE63000AA3007 /* behavioralBluetooth */;
			targetProxy = 463BA3751C4DE63000AA3007 /* PBXContainerItemProxy */;
		};
		463BA3811C4DE63000AA3007 /* PBXTargetDependency */ = {
			isa = PBXTargetDependency;
			target = 463BA35C1C4DE63000AA3007 /* behavioralBluetooth */;
			targetProxy = 463BA3801C4DE63000AA3007 /* PBXContainerItemProxy */;
		};
/* End PBXTargetDependency section */

/* Begin PBXVariantGroup section */
		463BA3641C4DE63000AA3007 /* Main.storyboard */ = {
			isa = PBXVariantGroup;
			children = (
				463BA3651C4DE63000AA3007 /* Base */,
			);
			name = Main.storyboard;
			sourceTree = "<group>";
		};
		463BA36C1C4DE63000AA3007 /* LaunchScreen.storyboard */ = {
			isa = PBXVariantGroup;
			children = (
				463BA36D1C4DE63000AA3007 /* Base */,
			);
			name = LaunchScreen.storyboard;
			sourceTree = "<group>";
		};
/* End PBXVariantGroup section */

/* Begin XCBuildConfiguration section */
		463BA3861C4DE63000AA3007 /* Debug */ = {
			isa = XCBuildConfiguration;
			buildSettings = {
				ALWAYS_SEARCH_USER_PATHS = NO;
				CLANG_CXX_LANGUAGE_STANDARD = "gnu++0x";
				CLANG_CXX_LIBRARY = "libc++";
				CLANG_ENABLE_MODULES = YES;
				CLANG_ENABLE_OBJC_ARC = YES;
				CLANG_WARN_BOOL_CONVERSION = YES;
				CLANG_WARN_CONSTANT_CONVERSION = YES;
				CLANG_WARN_DIRECT_OBJC_ISA_USAGE = YES_ERROR;
				CLANG_WARN_EMPTY_BODY = YES;
				CLANG_WARN_ENUM_CONVERSION = YES;
				CLANG_WARN_INT_CONVERSION = YES;
				CLANG_WARN_OBJC_ROOT_CLASS = YES_ERROR;
				CLANG_WARN_UNREACHABLE_CODE = YES;
				CLANG_WARN__DUPLICATE_METHOD_MATCH = YES;
				"CODE_SIGN_IDENTITY[sdk=iphoneos*]" = "iPhone Developer";
				COPY_PHASE_STRIP = NO;
				DEBUG_INFORMATION_FORMAT = dwarf;
				ENABLE_STRICT_OBJC_MSGSEND = YES;
				ENABLE_TESTABILITY = YES;
				GCC_C_LANGUAGE_STANDARD = gnu99;
				GCC_DYNAMIC_NO_PIC = NO;
				GCC_NO_COMMON_BLOCKS = YES;
				GCC_OPTIMIZATION_LEVEL = 0;
				GCC_PREPROCESSOR_DEFINITIONS = (
					"DEBUG=1",
					"$(inherited)",
				);
				GCC_WARN_64_TO_32_BIT_CONVERSION = YES;
				GCC_WARN_ABOUT_RETURN_TYPE = YES_ERROR;
				GCC_WARN_UNDECLARED_SELECTOR = YES;
				GCC_WARN_UNINITIALIZED_AUTOS = YES_AGGRESSIVE;
				GCC_WARN_UNUSED_FUNCTION = YES;
				GCC_WARN_UNUSED_VARIABLE = YES;
				IPHONEOS_DEPLOYMENT_TARGET = 9.2;
				MTL_ENABLE_DEBUG_INFO = YES;
				ONLY_ACTIVE_ARCH = YES;
				SDKROOT = iphoneos;
				SWIFT_OPTIMIZATION_LEVEL = "-Onone";
				TARGETED_DEVICE_FAMILY = "1,2";
			};
			name = Debug;
		};
		463BA3871C4DE63000AA3007 /* Release */ = {
			isa = XCBuildConfiguration;
			buildSettings = {
				ALWAYS_SEARCH_USER_PATHS = NO;
				CLANG_CXX_LANGUAGE_STANDARD = "gnu++0x";
				CLANG_CXX_LIBRARY = "libc++";
				CLANG_ENABLE_MODULES = YES;
				CLANG_ENABLE_OBJC_ARC = YES;
				CLANG_WARN_BOOL_CONVERSION = YES;
				CLANG_WARN_CONSTANT_CONVERSION = YES;
				CLANG_WARN_DIRECT_OBJC_ISA_USAGE = YES_ERROR;
				CLANG_WARN_EMPTY_BODY = YES;
				CLANG_WARN_ENUM_CONVERSION = YES;
				CLANG_WARN_INT_CONVERSION = YES;
				CLANG_WARN_OBJC_ROOT_CLASS = YES_ERROR;
				CLANG_WARN_UNREACHABLE_CODE = YES;
				CLANG_WARN__DUPLICATE_METHOD_MATCH = YES;
				"CODE_SIGN_IDENTITY[sdk=iphoneos*]" = "iPhone Developer";
				COPY_PHASE_STRIP = NO;
				DEBUG_INFORMATION_FORMAT = "dwarf-with-dsym";
				ENABLE_NS_ASSERTIONS = NO;
				ENABLE_STRICT_OBJC_MSGSEND = YES;
				GCC_C_LANGUAGE_STANDARD = gnu99;
				GCC_NO_COMMON_BLOCKS = YES;
				GCC_WARN_64_TO_32_BIT_CONVERSION = YES;
				GCC_WARN_ABOUT_RETURN_TYPE = YES_ERROR;
				GCC_WARN_UNDECLARED_SELECTOR = YES;
				GCC_WARN_UNINITIALIZED_AUTOS = YES_AGGRESSIVE;
				GCC_WARN_UNUSED_FUNCTION = YES;
				GCC_WARN_UNUSED_VARIABLE = YES;
				IPHONEOS_DEPLOYMENT_TARGET = 9.2;
				MTL_ENABLE_DEBUG_INFO = NO;
				SDKROOT = iphoneos;
				TARGETED_DEVICE_FAMILY = "1,2";
				VALIDATE_PRODUCT = YES;
			};
			name = Release;
		};
		463BA3891C4DE63000AA3007 /* Debug */ = {
			isa = XCBuildConfiguration;
			buildSettings = {
				ASSETCATALOG_COMPILER_APPICON_NAME = AppIcon;
				INFOPLIST_FILE = behavioralBluetooth/Info.plist;
				LD_RUNPATH_SEARCH_PATHS = "$(inherited) @executable_path/Frameworks";
				PRODUCT_BUNDLE_IDENTIFIER = "Honeysuckle-Hardware.behavioralBluetooth";
				PRODUCT_NAME = "$(TARGET_NAME)";
			};
			name = Debug;
		};
		463BA38A1C4DE63000AA3007 /* Release */ = {
			isa = XCBuildConfiguration;
			buildSettings = {
				ASSETCATALOG_COMPILER_APPICON_NAME = AppIcon;
				INFOPLIST_FILE = behavioralBluetooth/Info.plist;
				LD_RUNPATH_SEARCH_PATHS = "$(inherited) @executable_path/Frameworks";
				PRODUCT_BUNDLE_IDENTIFIER = "Honeysuckle-Hardware.behavioralBluetooth";
				PRODUCT_NAME = "$(TARGET_NAME)";
			};
			name = Release;
		};
		463BA38C1C4DE63000AA3007 /* Debug */ = {
			isa = XCBuildConfiguration;
			buildSettings = {
				BUNDLE_LOADER = "$(TEST_HOST)";
				INFOPLIST_FILE = behavioralBluetoothTests/Info.plist;
				LD_RUNPATH_SEARCH_PATHS = "$(inherited) @executable_path/Frameworks @loader_path/Frameworks";
				PRODUCT_BUNDLE_IDENTIFIER = "Honeysuckle-Hardware.behavioralBluetoothTests";
				PRODUCT_NAME = "$(TARGET_NAME)";
				TEST_HOST = "$(BUILT_PRODUCTS_DIR)/behavioralBluetooth.app/behavioralBluetooth";
			};
			name = Debug;
		};
		463BA38D1C4DE63000AA3007 /* Release */ = {
			isa = XCBuildConfiguration;
			buildSettings = {
				BUNDLE_LOADER = "$(TEST_HOST)";
				INFOPLIST_FILE = behavioralBluetoothTests/Info.plist;
				LD_RUNPATH_SEARCH_PATHS = "$(inherited) @executable_path/Frameworks @loader_path/Frameworks";
				PRODUCT_BUNDLE_IDENTIFIER = "Honeysuckle-Hardware.behavioralBluetoothTests";
				PRODUCT_NAME = "$(TARGET_NAME)";
				TEST_HOST = "$(BUILT_PRODUCTS_DIR)/behavioralBluetooth.app/behavioralBluetooth";
			};
			name = Release;
		};
		463BA38F1C4DE63000AA3007 /* Debug */ = {
			isa = XCBuildConfiguration;
			buildSettings = {
				INFOPLIST_FILE = behavioralBluetoothUITests/Info.plist;
				LD_RUNPATH_SEARCH_PATHS = "$(inherited) @executable_path/Frameworks @loader_path/Frameworks";
				PRODUCT_BUNDLE_IDENTIFIER = "Honeysuckle-Hardware.behavioralBluetoothUITests";
				PRODUCT_NAME = "$(TARGET_NAME)";
				TEST_TARGET_NAME = behavioralBluetooth;
				USES_XCTRUNNER = YES;
			};
			name = Debug;
		};
		463BA3901C4DE63000AA3007 /* Release */ = {
			isa = XCBuildConfiguration;
			buildSettings = {
				INFOPLIST_FILE = behavioralBluetoothUITests/Info.plist;
				LD_RUNPATH_SEARCH_PATHS = "$(inherited) @executable_path/Frameworks @loader_path/Frameworks";
				PRODUCT_BUNDLE_IDENTIFIER = "Honeysuckle-Hardware.behavioralBluetoothUITests";
				PRODUCT_NAME = "$(TARGET_NAME)";
				TEST_TARGET_NAME = behavioralBluetooth;
				USES_XCTRUNNER = YES;
			};
			name = Release;
		};
/* End XCBuildConfiguration section */

/* Begin XCConfigurationList section */
		463BA3581C4DE63000AA3007 /* Build configuration list for PBXProject "behavioralBluetooth" */ = {
			isa = XCConfigurationList;
			buildConfigurations = (
				463BA3861C4DE63000AA3007 /* Debug */,
				463BA3871C4DE63000AA3007 /* Release */,
			);
			defaultConfigurationIsVisible = 0;
			defaultConfigurationName = Release;
		};
		463BA3881C4DE63000AA3007 /* Build configuration list for PBXNativeTarget "behavioralBluetooth" */ = {
			isa = XCConfigurationList;
			buildConfigurations = (
				463BA3891C4DE63000AA3007 /* Debug */,
				463BA38A1C4DE63000AA3007 /* Release */,
			);
			defaultConfigurationIsVisible = 0;
			defaultConfigurationName = Release;
		};
		463BA38B1C4DE63000AA3007 /* Build configuration list for PBXNativeTarget "behavioralBluetoothTests" */ = {
			isa = XCConfigurationList;
			buildConfigurations = (
				463BA38C1C4DE63000AA3007 /* Debug */,
				463BA38D1C4DE63000AA3007 /* Release */,
			);
			defaultConfigurationIsVisible = 0;
			defaultConfigurationName = Release;
		};
		463BA38E1C4DE63000AA3007 /* Build configuration list for PBXNativeTarget "behavioralBluetoothUITests" */ = {
			isa = XCConfigurationList;
			buildConfigurations = (
				463BA38F1C4DE63000AA3007 /* Debug */,
				463BA3901C4DE63000AA3007 /* Release */,
			);
			defaultConfigurationIsVisible = 0;
			defaultConfigurationName = Release;
		};
/* End XCConfigurationList section */

/* Begin XCVersionGroup section */
		463BA3671C4DE63000AA3007 /* behavioralBluetooth.xcdatamodeld */ = {
			isa = XCVersionGroup;
			children = (
				463BA3681C4DE63000AA3007 /* behavioralBluetooth.xcdatamodel */,
			);
			currentVersion = 463BA3681C4DE63000AA3007 /* behavioralBluetooth.xcdatamodel */;
			path = behavioralBluetooth.xcdatamodeld;
			sourceTree = "<group>";
			versionGroupType = wrapper.xcdatamodel;
		};
/* End XCVersionGroup section */
	};
	rootObject = 463BA3551C4DE62F00AA3007 /* Project object */;
}
